
Microsoft Visual Studio Solution File, Format Version 12.00
# Visual Studio Version 17
VisualStudioVersion = 17.5.33414.496
MinimumVisualStudioVersion = 10.0.40219.1
Project("{FAE04EC0-301F-11D3-BF4B-00C04F79EFBC}") = "TicTacToe", "TicTacToe\TicTacToe.csproj", "{FAF68205-4BCC-4FD7-A22F-776254950AC1}"
EndProject
Global
	GlobalSection(SolutionConfigurationPlatforms) = preSolution
		Debug|Any CPU = Debug|Any CPU
		Release|Any CPU = Release|Any CPU
	EndGlobalSection
	GlobalSection(ProjectConfigurationPlatforms) = postSolution
		{FAF68205-4BCC-4FD7-A22F-776254950AC1}.Debug|Any CPU.ActiveCfg = Debug|Any CPU
		{FAF68205-4BCC-4FD7-A22F-776254950AC1}.Debug|Any CPU.Build.0 = Debug|Any CPU
		{FAF68205-4BCC-4FD7-A22F-776254950AC1}.Release|Any CPU.ActiveCfg = Release|Any CPU
		{FAF68205-4BCC-4FD7-A22F-776254950AC1}.Release|Any CPU.Build.0 = Release|Any CPU
	EndGlobalSection
	GlobalSection(SolutionProperties) = preSolution
		HideSolutionNode = FALSE
	EndGlobalSection
	GlobalSection(ExtensibilityGlobals) = postSolution
		SolutionGuid = {E2D48105-CBB9-4D9F-BC7C-B093ED54CD0F}
	EndGlobalSection
EndGlobal
